
Microsoft Visual Studio Solution File, Format Version 12.00
# Visual Studio 14
VisualStudioVersion = 14.0.25420.1
MinimumVisualStudioVersion = 10.0.40219.1
Project("{F088123C-0E9E-452A-89E6-6BA2F21D5CAC}") = "CaseStudy2016Model", "CaseStudy2016Model\CaseStudy2016Model.modelproj", "{DFC9811E-1DE3-48E6-B6FA-00962F50DD79}"
EndProject
Project("{2150E333-8FDC-42A3-9474-1A3956D46DE8}") = "Presentation", "Presentation", "{4D33FE72-877A-4E2D-9B51-EEF3C23A1A51}"
EndProject
Project("{2150E333-8FDC-42A3-9474-1A3956D46DE8}") = "Library", "Library", "{51629109-D366-4570-A13F-0E15760F805F}"
EndProject
Project("{FAE04EC0-301F-11D3-BF4B-00C04F79EFBC}") = "CaseStudy2016Lib", "CaseStudy2016Lib\CaseStudy2016Lib.csproj", "{70619ABF-85F3-46E2-999C-95A4B1104BB9}"
EndProject
Project("{2150E333-8FDC-42A3-9474-1A3956D46DE8}") = "Testing", "Testing", "{6F808CEE-D487-48FA-B7BF-D1A6990FDB9D}"
EndProject
Project("{2150E333-8FDC-42A3-9474-1A3956D46DE8}") = "Lab1", "Lab1", "{CE791187-35E3-41A5-BEE4-23727A2F2461}"
EndProject
Project("{FAE04EC0-301F-11D3-BF4B-00C04F79EFBC}") = "HelloWorldApp", "HelloWorldApp\HelloWorldApp.csproj", "{CB145A4E-CC2E-4B5B-9E8F-1AE95E613EC8}"
EndProject
Project("{FAE04EC0-301F-11D3-BF4B-00C04F79EFBC}") = "JiwoTesting", "JiwoTesting\JiwoTesting.csproj", "{D7A8B026-58CC-4CF4-B24C-F353527AB8D8}"
EndProject
Project("{F088123C-0E9E-452A-89E6-6BA2F21D5CAC}") = "ClassDiagram2016", "ClassDiagram2016\ClassDiagram2016.modelproj", "{95439E5B-857E-41F0-82BA-6A599D970EA5}"
EndProject
Global
	GlobalSection(SolutionConfigurationPlatforms) = preSolution
		Debug|Any CPU = Debug|Any CPU
		Release|Any CPU = Release|Any CPU
	EndGlobalSection
	GlobalSection(ProjectConfigurationPlatforms) = postSolution
		{DFC9811E-1DE3-48E6-B6FA-00962F50DD79}.Debug|Any CPU.ActiveCfg = Debug|Any CPU
		{DFC9811E-1DE3-48E6-B6FA-00962F50DD79}.Debug|Any CPU.Build.0 = Debug|Any CPU
		{DFC9811E-1DE3-48E6-B6FA-00962F50DD79}.Release|Any CPU.ActiveCfg = Release|Any CPU
		{DFC9811E-1DE3-48E6-B6FA-00962F50DD79}.Release|Any CPU.Build.0 = Release|Any CPU
		{70619ABF-85F3-46E2-999C-95A4B1104BB9}.Debug|Any CPU.ActiveCfg = Debug|Any CPU
		{70619ABF-85F3-46E2-999C-95A4B1104BB9}.Debug|Any CPU.Build.0 = Debug|Any CPU
		{70619ABF-85F3-46E2-999C-95A4B1104BB9}.Release|Any CPU.ActiveCfg = Release|Any CPU
		{70619ABF-85F3-46E2-999C-95A4B1104BB9}.Release|Any CPU.Build.0 = Release|Any CPU
		{CB145A4E-CC2E-4B5B-9E8F-1AE95E613EC8}.Debug|Any CPU.ActiveCfg = Debug|Any CPU
		{CB145A4E-CC2E-4B5B-9E8F-1AE95E613EC8}.Debug|Any CPU.Build.0 = Debug|Any CPU
		{CB145A4E-CC2E-4B5B-9E8F-1AE95E613EC8}.Release|Any CPU.ActiveCfg = Release|Any CPU
		{CB145A4E-CC2E-4B5B-9E8F-1AE95E613EC8}.Release|Any CPU.Build.0 = Release|Any CPU
		{D7A8B026-58CC-4CF4-B24C-F353527AB8D8}.Debug|Any CPU.ActiveCfg = Debug|Any CPU
		{D7A8B026-58CC-4CF4-B24C-F353527AB8D8}.Debug|Any CPU.Build.0 = Debug|Any CPU
		{D7A8B026-58CC-4CF4-B24C-F353527AB8D8}.Release|Any CPU.ActiveCfg = Release|Any CPU
		{D7A8B026-58CC-4CF4-B24C-F353527AB8D8}.Release|Any CPU.Build.0 = Release|Any CPU
		{95439E5B-857E-41F0-82BA-6A599D970EA5}.Debug|Any CPU.ActiveCfg = Debug|Any CPU
		{95439E5B-857E-41F0-82BA-6A599D970EA5}.Debug|Any CPU.Build.0 = Debug|Any CPU
		{95439E5B-857E-41F0-82BA-6A599D970EA5}.Release|Any CPU.ActiveCfg = Release|Any CPU
		{95439E5B-857E-41F0-82BA-6A599D970EA5}.Release|Any CPU.Build.0 = Release|Any CPU
	EndGlobalSection
	GlobalSection(SolutionProperties) = preSolution
		HideSolutionNode = FALSE
	EndGlobalSection
	GlobalSection(NestedProjects) = preSolution
		{70619ABF-85F3-46E2-999C-95A4B1104BB9} = {51629109-D366-4570-A13F-0E15760F805F}
		{CE791187-35E3-41A5-BEE4-23727A2F2461} = {6F808CEE-D487-48FA-B7BF-D1A6990FDB9D}
		{CB145A4E-CC2E-4B5B-9E8F-1AE95E613EC8} = {CE791187-35E3-41A5-BEE4-23727A2F2461}
		{D7A8B026-58CC-4CF4-B24C-F353527AB8D8} = {CE791187-35E3-41A5-BEE4-23727A2F2461}
	EndGlobalSection
	GlobalSection(TeamFoundationVersionControl) = preSolution
		SccNumberOfProjects = 6
		SccEnterpriseProvider = {4CA58AB2-18FA-4F8D-95D4-32DDF27D184C}
		SccTeamFoundationServer = https://2016-isw-speedcubers.visualstudio.com/
		SccLocalPath0 = .
		SccProjectUniqueName1 = CaseStudy2016Model\\CaseStudy2016Model.modelproj
		SccProjectName1 = CaseStudy2016Model
		SccLocalPath1 = CaseStudy2016Model
		SccProjectUniqueName2 = CaseStudy2016Lib\\CaseStudy2016Lib.csproj
		SccProjectTopLevelParentUniqueName2 = CaseStudy2016App.sln
		SccProjectName2 = CaseStudy2016Lib
		SccLocalPath2 = CaseStudy2016Lib
		SccProjectUniqueName3 = HelloWorldApp\\HelloWorldApp.csproj
		SccProjectTopLevelParentUniqueName3 = CaseStudy2016App.sln
		SccProjectName3 = HelloWorldApp
		SccLocalPath3 = HelloWorldApp
		SccProjectUniqueName4 = JiwoTesting\\JiwoTesting.csproj
		SccProjectTopLevelParentUniqueName4 = CaseStudy2016App.sln
		SccProjectName4 = JiwoTesting
		SccLocalPath4 = JiwoTesting
		SccProjectUniqueName5 = ClassDiagram2016\\ClassDiagram2016.modelproj
		SccProjectName5 = ClassDiagram2016
		SccLocalPath5 = ClassDiagram2016
	EndGlobalSection
EndGlobal
